{
  "name": "dogtag-pki",
  "version": "10.10.0",
  "lockfileVersion": 1,
  "requires": true,
  "dependencies": {
    "@patternfly/patternfly": {
      "version": "4.35.2",
      "resolved": "https://registry.npmjs.org/@patternfly/patternfly/-/patternfly-4.35.2.tgz",
      "integrity": "sha512-gOebIesqY28/ngVz0k/k0szca247002x+x+GBfCNgbnOXoiEfqYViI5C7YuHB8iNVuvf/YwBdfj65k/h6FMB3w=="
    },
    "jquery": {
      "version": "3.5.1",
      "resolved": "https://registry.npmjs.org/jquery/-/jquery-3.5.1.tgz",
      "integrity": "sha512-XwIBPqcMn57FxfT+Go5pzySnm4KWkT1Tv7gjrpT1srtf8Weynl6R273VJ5GjkRb51IzMp5nbaPjJXMWeju2MKg=="
    }
  }
}
