{
  "name": "pki",
  "version": "10.10.0",
  "lockfileVersion": 1,
  "requires": true,
  "dependencies": {
    "@patternfly/patternfly": {
      "version": "4.35.2",
      "resolved": "https://registry.npmjs.org/@patternfly/patternfly/-/patternfly-4.35.2.tgz",
      "integrity": "sha512-gOebIesqY28/ngVz0k/k0szca247002x+x+GBfCNgbnOXoiEfqYViI5C7YuHB8iNVuvf/YwBdfj65k/h6FMB3w=="
    }
  }
}
